
Microsoft Visual Studio Solution File, Format Version 12.00
# Visual Studio Version 17
VisualStudioVersion = 17.6.33815.320
MinimumVisualStudioVersion = 10.0.40219.1
Project("{FAE04EC0-301F-11D3-BF4B-00C04F79EFBC}") = "WpfApp4", "WpfApp4\WpfApp4.csproj", "{9D98A4B3-BA24-453D-BC27-18D1C185114D}"
EndProject
Global
	GlobalSection(SolutionConfigurationPlatforms) = preSolution
		Debug|Any CPU = Debug|Any CPU
		Release|Any CPU = Release|Any CPU
	EndGlobalSection
	GlobalSection(ProjectConfigurationPlatforms) = postSolution
		{9D98A4B3-BA24-453D-BC27-18D1C185114D}.Debug|Any CPU.ActiveCfg = Debug|Any CPU
		{9D98A4B3-BA24-453D-BC27-18D1C185114D}.Debug|Any CPU.Build.0 = Debug|Any CPU
		{9D98A4B3-BA24-453D-BC27-18D1C185114D}.Release|Any CPU.ActiveCfg = Release|Any CPU
		{9D98A4B3-BA24-453D-BC27-18D1C185114D}.Release|Any CPU.Build.0 = Release|Any CPU
	EndGlobalSection
	GlobalSection(SolutionProperties) = preSolution
		HideSolutionNode = FALSE
	EndGlobalSection
	GlobalSection(ExtensibilityGlobals) = postSolution
		SolutionGuid = {897F1180-7A3D-4576-889C-F0776A1FDA53}
	EndGlobalSection
EndGlobal
